// !$*UTF8*$!
{
	archiveVersion = 1;
	classes = {
	};
	objectVersion = 46;
	objects = {

/* Begin PBXBuildFile section */
		0C6D0AA316A92BEA009C37B4 /* OpenGL.framework in Frameworks */ = {isa = PBXBuildFile; fileRef = 0C6D0AA216A92BEA009C37B4 /* OpenGL.framework */; };
		0C6D0AA516A92BEF009C37B4 /* GLUT.framework in Frameworks */ = {isa = PBXBuildFile; fileRef = 0C6D0AA416A92BEF009C37B4 /* GLUT.framework */; };
		0CFC1AFA16AB78960045B764 /* application.cpp in Sources */ = {isa = PBXBuildFile; fileRef = 0CFC1AF016AB78960045B764 /* application.cpp */; };
		0CFC1AFB16AB78960045B764 /* fractal.cpp in Sources */ = {isa = PBXBuildFile; fileRef = 0CFC1AF216AB78960045B764 /* fractal.cpp */; };
		0CFC1AFC16AB78960045B764 /* main.cpp in Sources */ = {isa = PBXBuildFile; fileRef = 0CFC1AF516AB78960045B764 /* main.cpp */; };
		0CFC1AFD16AB78960045B764 /* shader_program.cpp in Sources */ = {isa = PBXBuildFile; fileRef = 0CFC1AF616AB78960045B764 /* shader_program.cpp */; };
		0CFC1B0616AB85640045B764 /* julia_fragment.glsl in CopyFiles */ = {isa = PBXBuildFile; fileRef = 0CFC1B0416AB80B10045B764 /* julia_fragment.glsl */; };
		0CFC1B0716AB85640045B764 /* vertex.glsl in CopyFiles */ = {isa = PBXBuildFile; fileRef = 0CFC1B0316AB80770045B764 /* vertex.glsl */; };
		0CFC1B0A16AB8E1D0045B764 /* julia_fractal.cpp in Sources */ = {isa = PBXBuildFile; fileRef = 0CFC1B0816AB8E1D0045B764 /* julia_fractal.cpp */; };
/* End PBXBuildFile section */

/* Begin PBXCopyFilesBuildPhase section */
		0CFC1B0516AB85470045B764 /* CopyFiles */ = {
			isa = PBXCopyFilesBuildPhase;
			buildActionMask = 2147483647;
			dstPath = shaders;
			dstSubfolderSpec = 16;
			files = (
				0CFC1B0616AB85640045B764 /* julia_fragment.glsl in CopyFiles */,
				0CFC1B0716AB85640045B764 /* vertex.glsl in CopyFiles */,
			);
			runOnlyForDeploymentPostprocessing = 0;
		};
/* End PBXCopyFilesBuildPhase section */

/* Begin PBXFileReference section */
		0C6D0A7816A91CDA009C37B4 /* julia */ = {isa = PBXFileReference; explicitFileType = "compiled.mach-o.executable"; includeInIndex = 0; path = julia; sourceTree = BUILT_PRODUCTS_DIR; };
		0C6D0AA216A92BEA009C37B4 /* OpenGL.framework */ = {isa = PBXFileReference; lastKnownFileType = wrapper.framework; name = OpenGL.framework; path = System/Library/Frameworks/OpenGL.framework; sourceTree = SDKROOT; };
		0C6D0AA416A92BEF009C37B4 /* GLUT.framework */ = {isa = PBXFileReference; lastKnownFileType = wrapper.framework; name = GLUT.framework; path = System/Library/Frameworks/GLUT.framework; sourceTree = SDKROOT; };
		0CFC1AF016AB78960045B764 /* application.cpp */ = {isa = PBXFileReference; fileEncoding = 4; lastKnownFileType = sourcecode.cpp.cpp; path = application.cpp; sourceTree = "<group>"; };
		0CFC1AF116AB78960045B764 /* application.h */ = {isa = PBXFileReference; fileEncoding = 4; lastKnownFileType = sourcecode.c.h; path = application.h; sourceTree = "<group>"; };
		0CFC1AF216AB78960045B764 /* fractal.cpp */ = {isa = PBXFileReference; fileEncoding = 4; lastKnownFileType = sourcecode.cpp.cpp; path = fractal.cpp; sourceTree = "<group>"; };
		0CFC1AF316AB78960045B764 /* fractal.h */ = {isa = PBXFileReference; fileEncoding = 4; lastKnownFileType = sourcecode.c.h; path = fractal.h; sourceTree = "<group>"; };
		0CFC1AF416AB78960045B764 /* gl_includes.h */ = {isa = PBXFileReference; fileEncoding = 4; lastKnownFileType = sourcecode.c.h; path = gl_includes.h; sourceTree = "<group>"; };
		0CFC1AF516AB78960045B764 /* main.cpp */ = {isa = PBXFileReference; fileEncoding = 4; lastKnownFileType = sourcecode.cpp.cpp; path = main.cpp; sourceTree = "<group>"; };
		0CFC1AF616AB78960045B764 /* shader_program.cpp */ = {isa = PBXFileReference; fileEncoding = 4; lastKnownFileType = sourcecode.cpp.cpp; path = shader_program.cpp; sourceTree = "<group>"; };
		0CFC1AF716AB78960045B764 /* shader_program.h */ = {isa = PBXFileReference; fileEncoding = 4; lastKnownFileType = sourcecode.c.h; path = shader_program.h; sourceTree = "<group>"; };
		0CFC1B0316AB80770045B764 /* vertex.glsl */ = {isa = PBXFileReference; fileEncoding = 4; lastKnownFileType = text; path = vertex.glsl; sourceTree = "<group>"; xcLanguageSpecificationIdentifier = xcode.lang.glsl; };
		0CFC1B0416AB80B10045B764 /* julia_fragment.glsl */ = {isa = PBXFileReference; fileEncoding = 4; lastKnownFileType = text; path = julia_fragment.glsl; sourceTree = "<group>"; xcLanguageSpecificationIdentifier = xcode.lang.glsl; };
		0CFC1B0816AB8E1D0045B764 /* julia_fractal.cpp */ = {isa = PBXFileReference; fileEncoding = 4; lastKnownFileType = sourcecode.cpp.cpp; path = julia_fractal.cpp; sourceTree = "<group>"; };
		0CFC1B0916AB8E1D0045B764 /* julia_fractal.h */ = {isa = PBXFileReference; fileEncoding = 4; lastKnownFileType = sourcecode.c.h; path = julia_fractal.h; sourceTree = "<group>"; };
/* End PBXFileReference section */

/* Begin PBXFrameworksBuildPhase section */
		0C6D0A7516A91CDA009C37B4 /* Frameworks */ = {
			isa = PBXFrameworksBuildPhase;
			buildActionMask = 2147483647;
			files = (
				0C6D0AA516A92BEF009C37B4 /* GLUT.framework in Frameworks */,
				0C6D0AA316A92BEA009C37B4 /* OpenGL.framework in Frameworks */,
			);
			runOnlyForDeploymentPostprocessing = 0;
		};
/* End PBXFrameworksBuildPhase section */

/* Begin PBXGroup section */
		0C6D0A6D16A91CDA009C37B4 = {
			isa = PBXGroup;
			children = (
				0CFC1B0216AB806A0045B764 /* shaders */,
				0CFC1AEF16AB78960045B764 /* src */,
				0C6D0A8F16A91E2E009C37B4 /* Libraries and Frameworks */,
				0C6D0A7916A91CDA009C37B4 /* Products */,
			);
			sourceTree = "<group>";
		};
		0C6D0A7916A91CDA009C37B4 /* Products */ = {
			isa = PBXGroup;
			children = (
				0C6D0A7816A91CDA009C37B4 /* julia */,
			);
			name = Products;
			sourceTree = "<group>";
		};
		0C6D0A8F16A91E2E009C37B4 /* Libraries and Frameworks */ = {
			isa = PBXGroup;
			children = (
				0C6D0AA416A92BEF009C37B4 /* GLUT.framework */,
				0C6D0AA216A92BEA009C37B4 /* OpenGL.framework */,
			);
			name = "Libraries and Frameworks";
			sourceTree = "<group>";
		};
		0CFC1AEF16AB78960045B764 /* src */ = {
			isa = PBXGroup;
			children = (
				0CFC1AF116AB78960045B764 /* application.h */,
				0CFC1AF016AB78960045B764 /* application.cpp */,
				0CFC1AF316AB78960045B764 /* fractal.h */,
				0CFC1AF216AB78960045B764 /* fractal.cpp */,
				0CFC1B0916AB8E1D0045B764 /* julia_fractal.h */,
				0CFC1B0816AB8E1D0045B764 /* julia_fractal.cpp */,
				0CFC1AF416AB78960045B764 /* gl_includes.h */,
				0CFC1AF516AB78960045B764 /* main.cpp */,
				0CFC1AF716AB78960045B764 /* shader_program.h */,
				0CFC1AF616AB78960045B764 /* shader_program.cpp */,
			);
			name = src;
			path = ../src;
			sourceTree = "<group>";
		};
		0CFC1B0216AB806A0045B764 /* shaders */ = {
			isa = PBXGroup;
			children = (
				0CFC1B0416AB80B10045B764 /* julia_fragment.glsl */,
				0CFC1B0316AB80770045B764 /* vertex.glsl */,
			);
			name = shaders;
			path = ../shaders;
			sourceTree = "<group>";
		};
/* End PBXGroup section */

/* Begin PBXNativeTarget section */
		0C6D0A7716A91CDA009C37B4 /* julia */ = {
			isa = PBXNativeTarget;
			buildConfigurationList = 0C6D0A8216A91CDA009C37B4 /* Build configuration list for PBXNativeTarget "julia" */;
			buildPhases = (
				0C6D0A7416A91CDA009C37B4 /* Sources */,
				0C6D0A7516A91CDA009C37B4 /* Frameworks */,
				0CFC1B0516AB85470045B764 /* CopyFiles */,
			);
			buildRules = (
			);
			dependencies = (
			);
			name = julia;
			productName = julia;
			productReference = 0C6D0A7816A91CDA009C37B4 /* julia */;
			productType = "com.apple.product-type.tool";
		};
/* End PBXNativeTarget section */

/* Begin PBXProject section */
		0C6D0A6F16A91CDA009C37B4 /* Project object */ = {
			isa = PBXProject;
			attributes = {
				LastUpgradeCheck = 0450;
				ORGANIZATIONNAME = "Charles Magahern";
			};
			buildConfigurationList = 0C6D0A7216A91CDA009C37B4 /* Build configuration list for PBXProject "julia" */;
			compatibilityVersion = "Xcode 3.2";
			developmentRegion = English;
			hasScannedForEncodings = 0;
			knownRegions = (
				en,
			);
			mainGroup = 0C6D0A6D16A91CDA009C37B4;
			productRefGroup = 0C6D0A7916A91CDA009C37B4 /* Products */;
			projectDirPath = "";
			projectRoot = "";
			targets = (
				0C6D0A7716A91CDA009C37B4 /* julia */,
			);
		};
/* End PBXProject section */

/* Begin PBXSourcesBuildPhase section */
		0C6D0A7416A91CDA009C37B4 /* Sources */ = {
			isa = PBXSourcesBuildPhase;
			buildActionMask = 2147483647;
			files = (
				0CFC1AFA16AB78960045B764 /* application.cpp in Sources */,
				0CFC1AFB16AB78960045B764 /* fractal.cpp in Sources */,
				0CFC1AFC16AB78960045B764 /* main.cpp in Sources */,
				0CFC1AFD16AB78960045B764 /* shader_program.cpp in Sources */,
				0CFC1B0A16AB8E1D0045B764 /* julia_fractal.cpp in Sources */,
			);
			runOnlyForDeploymentPostprocessing = 0;
		};
/* End PBXSourcesBuildPhase section */

/* Begin XCBuildConfiguration section */
		0C6D0A8016A91CDA009C37B4 /* Debug */ = {
			isa = XCBuildConfiguration;
			buildSettings = {
				ALWAYS_SEARCH_USER_PATHS = NO;
				ARCHS = "$(ARCHS_STANDARD_64_BIT)";
				CLANG_CXX_LANGUAGE_STANDARD = "gnu++0x";
				CLANG_CXX_LIBRARY = "libc++";
				CLANG_WARN_EMPTY_BODY = YES;
				CLANG_WARN__DUPLICATE_METHOD_MATCH = YES;
				COPY_PHASE_STRIP = NO;
				GCC_C_LANGUAGE_STANDARD = gnu99;
				GCC_DYNAMIC_NO_PIC = NO;
				GCC_ENABLE_OBJC_EXCEPTIONS = YES;
				GCC_OPTIMIZATION_LEVEL = 0;
				GCC_PREPROCESSOR_DEFINITIONS = (
					"DEBUG=1",
					"$(inherited)",
				);
				GCC_SYMBOLS_PRIVATE_EXTERN = NO;
				GCC_WARN_64_TO_32_BIT_CONVERSION = YES;
				GCC_WARN_ABOUT_RETURN_TYPE = YES;
				GCC_WARN_UNINITIALIZED_AUTOS = YES;
				GCC_WARN_UNUSED_VARIABLE = YES;
				MACOSX_DEPLOYMENT_TARGET = 10.8;
				ONLY_ACTIVE_ARCH = YES;
				SDKROOT = macosx;
			};
			name = Debug;
		};
		0C6D0A8116A91CDA009C37B4 /* Release */ = {
			isa = XCBuildConfiguration;
			buildSettings = {
				ALWAYS_SEARCH_USER_PATHS = NO;
				ARCHS = "$(ARCHS_STANDARD_64_BIT)";
				CLANG_CXX_LANGUAGE_STANDARD = "gnu++0x";
				CLANG_CXX_LIBRARY = "libc++";
				CLANG_WARN_EMPTY_BODY = YES;
				CLANG_WARN__DUPLICATE_METHOD_MATCH = YES;
				COPY_PHASE_STRIP = YES;
				DEBUG_INFORMATION_FORMAT = "dwarf-with-dsym";
				GCC_C_LANGUAGE_STANDARD = gnu99;
				GCC_ENABLE_OBJC_EXCEPTIONS = YES;
				GCC_WARN_64_TO_32_BIT_CONVERSION = YES;
				GCC_WARN_ABOUT_RETURN_TYPE = YES;
				GCC_WARN_UNINITIALIZED_AUTOS = YES;
				GCC_WARN_UNUSED_VARIABLE = YES;
				MACOSX_DEPLOYMENT_TARGET = 10.8;
				SDKROOT = macosx;
			};
			name = Release;
		};
		0C6D0A8316A91CDA009C37B4 /* Debug */ = {
			isa = XCBuildConfiguration;
			buildSettings = {
				FRAMEWORK_SEARCH_PATHS = /Library/Frameworks;
				OTHER_CFLAGS = "-Wall";
				PRODUCT_NAME = "$(TARGET_NAME)";
			};
			name = Debug;
		};
		0C6D0A8416A91CDA009C37B4 /* Release */ = {
			isa = XCBuildConfiguration;
			buildSettings = {
				FRAMEWORK_SEARCH_PATHS = /Library/Frameworks;
				OTHER_CFLAGS = "-Wall";
				PRODUCT_NAME = "$(TARGET_NAME)";
			};
			name = Release;
		};
/* End XCBuildConfiguration section */

/* Begin XCConfigurationList section */
		0C6D0A7216A91CDA009C37B4 /* Build configuration list for PBXProject "julia" */ = {
			isa = XCConfigurationList;
			buildConfigurations = (
				0C6D0A8016A91CDA009C37B4 /* Debug */,
				0C6D0A8116A91CDA009C37B4 /* Release */,
			);
			defaultConfigurationIsVisible = 0;
			defaultConfigurationName = Release;
		};
		0C6D0A8216A91CDA009C37B4 /* Build configuration list for PBXNativeTarget "julia" */ = {
			isa = XCConfigurationList;
			buildConfigurations = (
				0C6D0A8316A91CDA009C37B4 /* Debug */,
				0C6D0A8416A91CDA009C37B4 /* Release */,
			);
			defaultConfigurationIsVisible = 0;
			defaultConfigurationName = Release;
		};
/* End XCConfigurationList section */
	};
	rootObject = 0C6D0A6F16A91CDA009C37B4 /* Project object */;
}
